
Microsoft Visual Studio Solution File, Format Version 11.00
# Visual Studio 2010
Project("{FAE04EC0-301F-11D3-BF4B-00C04F79EFBC}") = "QiuqianTest", "Assembly-CSharp-firstpass.csproj", "{8A7DD576-F781-1B51-153F-412372120CFE}"
EndProject
Project("{FAE04EC0-301F-11D3-BF4B-00C04F79EFBC}") = "QiuqianTest", "Assembly-CSharp.csproj", "{12E2FAC6-AE0A-8A24-C538-A438BF742A47}"
EndProject
Project("{FAE04EC0-301F-11D3-BF4B-00C04F79EFBC}") = "QiuqianTest", "Assembly-CSharp-Editor-firstpass.csproj", "{CDA52811-B853-4B37-475A-C0D6A621319B}"
EndProject
Project("{FAE04EC0-301F-11D3-BF4B-00C04F79EFBC}") = "QiuqianTest", "Assembly-CSharp-Editor.csproj", "{A1CBAF53-BF35-3176-610F-59FC291BAFA0}"
EndProject
Global
	GlobalSection(SolutionConfigurationPlatforms) = preSolution
		Debug|Any CPU = Debug|Any CPU
		Release|Any CPU = Release|Any CPU
	EndGlobalSection
	GlobalSection(ProjectConfigurationPlatforms) = postSolution
		{8A7DD576-F781-1B51-153F-412372120CFE}.Debug|Any CPU.ActiveCfg = Debug|Any CPU
		{8A7DD576-F781-1B51-153F-412372120CFE}.Debug|Any CPU.Build.0 = Debug|Any CPU
		{8A7DD576-F781-1B51-153F-412372120CFE}.Release|Any CPU.ActiveCfg = Release|Any CPU
		{8A7DD576-F781-1B51-153F-412372120CFE}.Release|Any CPU.Build.0 = Release|Any CPU
		{12E2FAC6-AE0A-8A24-C538-A438BF742A47}.Debug|Any CPU.ActiveCfg = Debug|Any CPU
		{12E2FAC6-AE0A-8A24-C538-A438BF742A47}.Debug|Any CPU.Build.0 = Debug|Any CPU
		{12E2FAC6-AE0A-8A24-C538-A438BF742A47}.Release|Any CPU.ActiveCfg = Release|Any CPU
		{12E2FAC6-AE0A-8A24-C538-A438BF742A47}.Release|Any CPU.Build.0 = Release|Any CPU
		{CDA52811-B853-4B37-475A-C0D6A621319B}.Debug|Any CPU.ActiveCfg = Debug|Any CPU
		{CDA52811-B853-4B37-475A-C0D6A621319B}.Debug|Any CPU.Build.0 = Debug|Any CPU
		{CDA52811-B853-4B37-475A-C0D6A621319B}.Release|Any CPU.ActiveCfg = Release|Any CPU
		{CDA52811-B853-4B37-475A-C0D6A621319B}.Release|Any CPU.Build.0 = Release|Any CPU
		{A1CBAF53-BF35-3176-610F-59FC291BAFA0}.Debug|Any CPU.ActiveCfg = Debug|Any CPU
		{A1CBAF53-BF35-3176-610F-59FC291BAFA0}.Debug|Any CPU.Build.0 = Debug|Any CPU
		{A1CBAF53-BF35-3176-610F-59FC291BAFA0}.Release|Any CPU.ActiveCfg = Release|Any CPU
		{A1CBAF53-BF35-3176-610F-59FC291BAFA0}.Release|Any CPU.Build.0 = Release|Any CPU
	EndGlobalSection
	GlobalSection(SolutionProperties) = preSolution
		HideSolutionNode = FALSE
	EndGlobalSection
	GlobalSection(MonoDevelopProperties) = preSolution
		StartupItem = Assembly-CSharp.csproj
	EndGlobalSection
EndGlobal
